// !$*UTF8*$!
{
	archiveVersion = 1;
	classes = {
	};
	objectVersion = 50;
	objects = {

/* Begin PBXBuildFile section */
		D8C1700D24239A2A00AE037C /* AppDelegate.swift in Sources */ = {isa = PBXBuildFile; fileRef = D8C1700C24239A2A00AE037C /* AppDelegate.swift */; };
		D8C1701424239A2B00AE037C /* Assets.xcassets in Resources */ = {isa = PBXBuildFile; fileRef = D8C1701324239A2B00AE037C /* Assets.xcassets */; };
		D8C1701724239A2B00AE037C /* LaunchScreen.storyboard in Resources */ = {isa = PBXBuildFile; fileRef = D8C1701524239A2B00AE037C /* LaunchScreen.storyboard */; };
		D8C170232423A6BF00AE037C /* FirstVC.swift in Sources */ = {isa = PBXBuildFile; fileRef = D8C170212423A6BF00AE037C /* FirstVC.swift */; };
		D8C170242423A6BF00AE037C /* FirstVC.xib in Resources */ = {isa = PBXBuildFile; fileRef = D8C170222423A6BF00AE037C /* FirstVC.xib */; };
		D8C170282423A76800AE037C /* SecondVC.swift in Sources */ = {isa = PBXBuildFile; fileRef = D8C170262423A76800AE037C /* SecondVC.swift */; };
		D8C170292423A76800AE037C /* SecondVC.xib in Resources */ = {isa = PBXBuildFile; fileRef = D8C170272423A76800AE037C /* SecondVC.xib */; };
		D8C1702C2423A96E00AE037C /* MyCell.swift in Sources */ = {isa = PBXBuildFile; fileRef = D8C1702A2423A96E00AE037C /* MyCell.swift */; };
		D8C1702D2423A96E00AE037C /* MyCell.xib in Resources */ = {isa = PBXBuildFile; fileRef = D8C1702B2423A96E00AE037C /* MyCell.xib */; };
		D8C170302423B05B00AE037C /* MyCell2.swift in Sources */ = {isa = PBXBuildFile; fileRef = D8C1702E2423B05B00AE037C /* MyCell2.swift */; };
		D8C170312423B05B00AE037C /* MyCell2.xib in Resources */ = {isa = PBXBuildFile; fileRef = D8C1702F2423B05B00AE037C /* MyCell2.xib */; };
/* End PBXBuildFile section */

/* Begin PBXFileReference section */
		D8C1700924239A2A00AE037C /* Demo1.app */ = {isa = PBXFileReference; explicitFileType = wrapper.application; includeInIndex = 0; path = Demo1.app; sourceTree = BUILT_PRODUCTS_DIR; };
		D8C1700C24239A2A00AE037C /* AppDelegate.swift */ = {isa = PBXFileReference; lastKnownFileType = sourcecode.swift; path = AppDelegate.swift; sourceTree = "<group>"; };
		D8C1701324239A2B00AE037C /* Assets.xcassets */ = {isa = PBXFileReference; lastKnownFileType = folder.assetcatalog; path = Assets.xcassets; sourceTree = "<group>"; };
		D8C1701624239A2B00AE037C /* Base */ = {isa = PBXFileReference; lastKnownFileType = file.storyboard; name = Base; path = Base.lproj/LaunchScreen.storyboard; sourceTree = "<group>"; };
		D8C1701824239A2B00AE037C /* Info.plist */ = {isa = PBXFileReference; lastKnownFileType = text.plist.xml; path = Info.plist; sourceTree = "<group>"; };
		D8C170212423A6BF00AE037C /* FirstVC.swift */ = {isa = PBXFileReference; lastKnownFileType = sourcecode.swift; path = FirstVC.swift; sourceTree = "<group>"; };
		D8C170222423A6BF00AE037C /* FirstVC.xib */ = {isa = PBXFileReference; lastKnownFileType = file.xib; path = FirstVC.xib; sourceTree = "<group>"; };
		D8C170262423A76800AE037C /* SecondVC.swift */ = {isa = PBXFileReference; lastKnownFileType = sourcecode.swift; path = SecondVC.swift; sourceTree = "<group>"; };
		D8C170272423A76800AE037C /* SecondVC.xib */ = {isa = PBXFileReference; lastKnownFileType = file.xib; path = SecondVC.xib; sourceTree = "<group>"; };
		D8C1702A2423A96E00AE037C /* MyCell.swift */ = {isa = PBXFileReference; lastKnownFileType = sourcecode.swift; path = MyCell.swift; sourceTree = "<group>"; };
		D8C1702B2423A96E00AE037C /* MyCell.xib */ = {isa = PBXFileReference; lastKnownFileType = file.xib; path = MyCell.xib; sourceTree = "<group>"; };
		D8C1702E2423B05B00AE037C /* MyCell2.swift */ = {isa = PBXFileReference; lastKnownFileType = sourcecode.swift; path = MyCell2.swift; sourceTree = "<group>"; };
		D8C1702F2423B05B00AE037C /* MyCell2.xib */ = {isa = PBXFileReference; lastKnownFileType = file.xib; path = MyCell2.xib; sourceTree = "<group>"; };
/* End PBXFileReference section */

/* Begin PBXFrameworksBuildPhase section */
		D8C1700624239A2A00AE037C /* Frameworks */ = {
			isa = PBXFrameworksBuildPhase;
			buildActionMask = 2147483647;
			files = (
			);
			runOnlyForDeploymentPostprocessing = 0;
		};
/* End PBXFrameworksBuildPhase section */

/* Begin PBXGroup section */
		D8C1700024239A2A00AE037C = {
			isa = PBXGroup;
			children = (
				D8C1700B24239A2A00AE037C /* Demo1 */,
				D8C1700A24239A2A00AE037C /* Products */,
			);
			sourceTree = "<group>";
		};
		D8C1700A24239A2A00AE037C /* Products */ = {
			isa = PBXGroup;
			children = (
				D8C1700924239A2A00AE037C /* Demo1.app */,
			);
			name = Products;
			sourceTree = "<group>";
		};
		D8C1700B24239A2A00AE037C /* Demo1 */ = {
			isa = PBXGroup;
			children = (
				D8C170252423A75700AE037C /* SecondVC */,
				D8C170202423A68000AE037C /* CustomVC */,
				D8C1700C24239A2A00AE037C /* AppDelegate.swift */,
				D8C1701324239A2B00AE037C /* Assets.xcassets */,
				D8C1701524239A2B00AE037C /* LaunchScreen.storyboard */,
				D8C1701824239A2B00AE037C /* Info.plist */,
			);
			path = Demo1;
			sourceTree = "<group>";
		};
		D8C170202423A68000AE037C /* CustomVC */ = {
			isa = PBXGroup;
			children = (
				D8C170212423A6BF00AE037C /* FirstVC.swift */,
				D8C170222423A6BF00AE037C /* FirstVC.xib */,
				D8C1702A2423A96E00AE037C /* MyCell.swift */,
				D8C1702B2423A96E00AE037C /* MyCell.xib */,
				D8C1702E2423B05B00AE037C /* MyCell2.swift */,
				D8C1702F2423B05B00AE037C /* MyCell2.xib */,
			);
			path = CustomVC;
			sourceTree = "<group>";
		};
		D8C170252423A75700AE037C /* SecondVC */ = {
			isa = PBXGroup;
			children = (
				D8C170262423A76800AE037C /* SecondVC.swift */,
				D8C170272423A76800AE037C /* SecondVC.xib */,
			);
			path = SecondVC;
			sourceTree = "<group>";
		};
/* End PBXGroup section */

/* Begin PBXNativeTarget section */
		D8C1700824239A2A00AE037C /* Demo1 */ = {
			isa = PBXNativeTarget;
			buildConfigurationList = D8C1701B24239A2B00AE037C /* Build configuration list for PBXNativeTarget "Demo1" */;
			buildPhases = (
				D8C1700524239A2A00AE037C /* Sources */,
				D8C1700624239A2A00AE037C /* Frameworks */,
				D8C1700724239A2A00AE037C /* Resources */,
			);
			buildRules = (
			);
			dependencies = (
			);
			name = Demo1;
			productName = Demo1;
			productReference = D8C1700924239A2A00AE037C /* Demo1.app */;
			productType = "com.apple.product-type.application";
		};
/* End PBXNativeTarget section */

/* Begin PBXProject section */
		D8C1700124239A2A00AE037C /* Project object */ = {
			isa = PBXProject;
			attributes = {
				LastSwiftUpdateCheck = 1020;
				LastUpgradeCheck = 1020;
				ORGANIZATIONNAME = "ttc-solutions";
				TargetAttributes = {
					D8C1700824239A2A00AE037C = {
						CreatedOnToolsVersion = 10.2.1;
					};
				};
			};
			buildConfigurationList = D8C1700424239A2A00AE037C /* Build configuration list for PBXProject "Demo1" */;
			compatibilityVersion = "Xcode 9.3";
			developmentRegion = en;
			hasScannedForEncodings = 0;
			knownRegions = (
				en,
				Base,
			);
			mainGroup = D8C1700024239A2A00AE037C;
			productRefGroup = D8C1700A24239A2A00AE037C /* Products */;
			projectDirPath = "";
			projectRoot = "";
			targets = (
				D8C1700824239A2A00AE037C /* Demo1 */,
			);
		};
/* End PBXProject section */

/* Begin PBXResourcesBuildPhase section */
		D8C1700724239A2A00AE037C /* Resources */ = {
			isa = PBXResourcesBuildPhase;
			buildActionMask = 2147483647;
			files = (
				D8C1701724239A2B00AE037C /* LaunchScreen.storyboard in Resources */,
				D8C170242423A6BF00AE037C /* FirstVC.xib in Resources */,
				D8C170312423B05B00AE037C /* MyCell2.xib in Resources */,
				D8C170292423A76800AE037C /* SecondVC.xib in Resources */,
				D8C1701424239A2B00AE037C /* Assets.xcassets in Resources */,
				D8C1702D2423A96E00AE037C /* MyCell.xib in Resources */,
			);
			runOnlyForDeploymentPostprocessing = 0;
		};
/* End PBXResourcesBuildPhase section */

/* Begin PBXSourcesBuildPhase section */
		D8C1700524239A2A00AE037C /* Sources */ = {
			isa = PBXSourcesBuildPhase;
			buildActionMask = 2147483647;
			files = (
				D8C170232423A6BF00AE037C /* FirstVC.swift in Sources */,
				D8C1702C2423A96E00AE037C /* MyCell.swift in Sources */,
				D8C170282423A76800AE037C /* SecondVC.swift in Sources */,
				D8C170302423B05B00AE037C /* MyCell2.swift in Sources */,
				D8C1700D24239A2A00AE037C /* AppDelegate.swift in Sources */,
			);
			runOnlyForDeploymentPostprocessing = 0;
		};
/* End PBXSourcesBuildPhase section */

/* Begin PBXVariantGroup section */
		D8C1701524239A2B00AE037C /* LaunchScreen.storyboard */ = {
			isa = PBXVariantGroup;
			children = (
				D8C1701624239A2B00AE037C /* Base */,
			);
			name = LaunchScreen.storyboard;
			sourceTree = "<group>";
		};
/* End PBXVariantGroup section */

/* Begin XCBuildConfiguration section */
		D8C1701924239A2B00AE037C /* Debug */ = {
			isa = XCBuildConfiguration;
			buildSettings = {
				ALWAYS_SEARCH_USER_PATHS = NO;
				CLANG_ANALYZER_NONNULL = YES;
				CLANG_ANALYZER_NUMBER_OBJECT_CONVERSION = YES_AGGRESSIVE;
				CLANG_CXX_LANGUAGE_STANDARD = "gnu++14";
				CLANG_CXX_LIBRARY = "libc++";
				CLANG_ENABLE_MODULES = YES;
				CLANG_ENABLE_OBJC_ARC = YES;
				CLANG_ENABLE_OBJC_WEAK = YES;
				CLANG_WARN_BLOCK_CAPTURE_AUTORELEASING = YES;
				CLANG_WARN_BOOL_CONVERSION = YES;
				CLANG_WARN_COMMA = YES;
				CLANG_WARN_CONSTANT_CONVERSION = YES;
				CLANG_WARN_DEPRECATED_OBJC_IMPLEMENTATIONS = YES;
				CLANG_WARN_DIRECT_OBJC_ISA_USAGE = YES_ERROR;
				CLANG_WARN_DOCUMENTATION_COMMENTS = YES;
				CLANG_WARN_EMPTY_BODY = YES;
				CLANG_WARN_ENUM_CONVERSION = YES;
				CLANG_WARN_INFINITE_RECURSION = YES;
				CLANG_WARN_INT_CONVERSION = YES;
				CLANG_WARN_NON_LITERAL_NULL_CONVERSION = YES;
				CLANG_WARN_OBJC_IMPLICIT_RETAIN_SELF = YES;
				CLANG_WARN_OBJC_LITERAL_CONVERSION = YES;
				CLANG_WARN_OBJC_ROOT_CLASS = YES_ERROR;
				CLANG_WARN_RANGE_LOOP_ANALYSIS = YES;
				CLANG_WARN_STRICT_PROTOTYPES = YES;
				CLANG_WARN_SUSPICIOUS_MOVE = YES;
				CLANG_WARN_UNGUARDED_AVAILABILITY = YES_AGGRESSIVE;
				CLANG_WARN_UNREACHABLE_CODE = YES;
				CLANG_WARN__DUPLICATE_METHOD_MATCH = YES;
				CODE_SIGN_IDENTITY = "iPhone Developer";
				COPY_PHASE_STRIP = NO;
				DEBUG_INFORMATION_FORMAT = dwarf;
				ENABLE_STRICT_OBJC_MSGSEND = YES;
				ENABLE_TESTABILITY = YES;
				GCC_C_LANGUAGE_STANDARD = gnu11;
				GCC_DYNAMIC_NO_PIC = NO;
				GCC_NO_COMMON_BLOCKS = YES;
				GCC_OPTIMIZATION_LEVEL = 0;
				GCC_PREPROCESSOR_DEFINITIONS = (
					"DEBUG=1",
					"$(inherited)",
				);
				GCC_WARN_64_TO_32_BIT_CONVERSION = YES;
				GCC_WARN_ABOUT_RETURN_TYPE = YES_ERROR;
				GCC_WARN_UNDECLARED_SELECTOR = YES;
				GCC_WARN_UNINITIALIZED_AUTOS = YES_AGGRESSIVE;
				GCC_WARN_UNUSED_FUNCTION = YES;
				GCC_WARN_UNUSED_VARIABLE = YES;
				IPHONEOS_DEPLOYMENT_TARGET = 12.2;
				MTL_ENABLE_DEBUG_INFO = INCLUDE_SOURCE;
				MTL_FAST_MATH = YES;
				ONLY_ACTIVE_ARCH = YES;
				SDKROOT = iphoneos;
				SWIFT_ACTIVE_COMPILATION_CONDITIONS = DEBUG;
				SWIFT_OPTIMIZATION_LEVEL = "-Onone";
			};
			name = Debug;
		};
		D8C1701A24239A2B00AE037C /* Release */ = {
			isa = XCBuildConfiguration;
			buildSettings = {
				ALWAYS_SEARCH_USER_PATHS = NO;
				CLANG_ANALYZER_NONNULL = YES;
				CLANG_ANALYZER_NUMBER_OBJECT_CONVERSION = YES_AGGRESSIVE;
				CLANG_CXX_LANGUAGE_STANDARD = "gnu++14";
				CLANG_CXX_LIBRARY = "libc++";
				CLANG_ENABLE_MODULES = YES;
				CLANG_ENABLE_OBJC_ARC = YES;
				CLANG_ENABLE_OBJC_WEAK = YES;
				CLANG_WARN_BLOCK_CAPTURE_AUTORELEASING = YES;
				CLANG_WARN_BOOL_CONVERSION = YES;
				CLANG_WARN_COMMA = YES;
				CLANG_WARN_CONSTANT_CONVERSION = YES;
				CLANG_WARN_DEPRECATED_OBJC_IMPLEMENTATIONS = YES;
				CLANG_WARN_DIRECT_OBJC_ISA_USAGE = YES_ERROR;
				CLANG_WARN_DOCUMENTATION_COMMENTS = YES;
				CLANG_WARN_EMPTY_BODY = YES;
				CLANG_WARN_ENUM_CONVERSION = YES;
				CLANG_WARN_INFINITE_RECURSION = YES;
				CLANG_WARN_INT_CONVERSION = YES;
				CLANG_WARN_NON_LITERAL_NULL_CONVERSION = YES;
				CLANG_WARN_OBJC_IMPLICIT_RETAIN_SELF = YES;
				CLANG_WARN_OBJC_LITERAL_CONVERSION = YES;
				CLANG_WARN_OBJC_ROOT_CLASS = YES_ERROR;
				CLANG_WARN_RANGE_LOOP_ANALYSIS = YES;
				CLANG_WARN_STRICT_PROTOTYPES = YES;
				CLANG_WARN_SUSPICIOUS_MOVE = YES;
				CLANG_WARN_UNGUARDED_AVAILABILITY = YES_AGGRESSIVE;
				CLANG_WARN_UNREACHABLE_CODE = YES;
				CLANG_WARN__DUPLICATE_METHOD_MATCH = YES;
				CODE_SIGN_IDENTITY = "iPhone Developer";
				COPY_PHASE_STRIP = NO;
				DEBUG_INFORMATION_FORMAT = "dwarf-with-dsym";
				ENABLE_NS_ASSERTIONS = NO;
				ENABLE_STRICT_OBJC_MSGSEND = YES;
				GCC_C_LANGUAGE_STANDARD = gnu11;
				GCC_NO_COMMON_BLOCKS = YES;
				GCC_WARN_64_TO_32_BIT_CONVERSION = YES;
				GCC_WARN_ABOUT_RETURN_TYPE = YES_ERROR;
				GCC_WARN_UNDECLARED_SELECTOR = YES;
				GCC_WARN_UNINITIALIZED_AUTOS = YES_AGGRESSIVE;
				GCC_WARN_UNUSED_FUNCTION = YES;
				GCC_WARN_UNUSED_VARIABLE = YES;
				IPHONEOS_DEPLOYMENT_TARGET = 12.2;
				MTL_ENABLE_DEBUG_INFO = NO;
				MTL_FAST_MATH = YES;
				SDKROOT = iphoneos;
				SWIFT_COMPILATION_MODE = wholemodule;
				SWIFT_OPTIMIZATION_LEVEL = "-O";
				VALIDATE_PRODUCT = YES;
			};
			name = Release;
		};
		D8C1701C24239A2B00AE037C /* Debug */ = {
			isa = XCBuildConfiguration;
			buildSettings = {
				ASSETCATALOG_COMPILER_APPICON_NAME = AppIcon;
				CODE_SIGN_STYLE = Automatic;
				DEVELOPMENT_TEAM = 9M46AU3YMQ;
				INFOPLIST_FILE = Demo1/Info.plist;
				LD_RUNPATH_SEARCH_PATHS = (
					"$(inherited)",
					"@executable_path/Frameworks",
				);
				PRODUCT_BUNDLE_IDENTIFIER = com.ttc.Demo1;
				PRODUCT_NAME = "$(TARGET_NAME)";
				SWIFT_VERSION = 5.0;
				TARGETED_DEVICE_FAMILY = "1,2";
			};
			name = Debug;
		};
		D8C1701D24239A2B00AE037C /* Release */ = {
			isa = XCBuildConfiguration;
			buildSettings = {
				ASSETCATALOG_COMPILER_APPICON_NAME = AppIcon;
				CODE_SIGN_STYLE = Automatic;
				DEVELOPMENT_TEAM = 9M46AU3YMQ;
				INFOPLIST_FILE = Demo1/Info.plist;
				LD_RUNPATH_SEARCH_PATHS = (
					"$(inherited)",
					"@executable_path/Frameworks",
				);
				PRODUCT_BUNDLE_IDENTIFIER = com.ttc.Demo1;
				PRODUCT_NAME = "$(TARGET_NAME)";
				SWIFT_VERSION = 5.0;
				TARGETED_DEVICE_FAMILY = "1,2";
			};
			name = Release;
		};
/* End XCBuildConfiguration section */

/* Begin XCConfigurationList section */
		D8C1700424239A2A00AE037C /* Build configuration list for PBXProject "Demo1" */ = {
			isa = XCConfigurationList;
			buildConfigurations = (
				D8C1701924239A2B00AE037C /* Debug */,
				D8C1701A24239A2B00AE037C /* Release */,
			);
			defaultConfigurationIsVisible = 0;
			defaultConfigurationName = Release;
		};
		D8C1701B24239A2B00AE037C /* Build configuration list for PBXNativeTarget "Demo1" */ = {
			isa = XCConfigurationList;
			buildConfigurations = (
				D8C1701C24239A2B00AE037C /* Debug */,
				D8C1701D24239A2B00AE037C /* Release */,
			);
			defaultConfigurationIsVisible = 0;
			defaultConfigurationName = Release;
		};
/* End XCConfigurationList section */
	};
	rootObject = D8C1700124239A2A00AE037C /* Project object */;
}
